
Microsoft Visual Studio Solution File, Format Version 12.00
# Visual Studio Version 16
VisualStudioVersion = 16.0.30711.63
MinimumVisualStudioVersion = 10.0.40219.1
Project("{FAE04EC0-301F-11D3-BF4B-00C04F79EFBC}") = "LinQLoop", "LinQLoop\LinQLoop.csproj", "{28FB9EAB-1F07-4C02-A299-D8F31841A839}"
EndProject
Global
	GlobalSection(SolutionConfigurationPlatforms) = preSolution
		Debug|Any CPU = Debug|Any CPU
		Release|Any CPU = Release|Any CPU
	EndGlobalSection
	GlobalSection(ProjectConfigurationPlatforms) = postSolution
		{28FB9EAB-1F07-4C02-A299-D8F31841A839}.Debug|Any CPU.ActiveCfg = Debug|Any CPU
		{28FB9EAB-1F07-4C02-A299-D8F31841A839}.Debug|Any CPU.Build.0 = Debug|Any CPU
		{28FB9EAB-1F07-4C02-A299-D8F31841A839}.Release|Any CPU.ActiveCfg = Release|Any CPU
		{28FB9EAB-1F07-4C02-A299-D8F31841A839}.Release|Any CPU.Build.0 = Release|Any CPU
	EndGlobalSection
	GlobalSection(SolutionProperties) = preSolution
		HideSolutionNode = FALSE
	EndGlobalSection
	GlobalSection(ExtensibilityGlobals) = postSolution
		SolutionGuid = {EB995C3A-5B1C-4CB0-A7B5-8F0638DBDA10}
	EndGlobalSection
EndGlobal
